
Microsoft Visual Studio Solution File, Format Version 12.00
# Visual Studio 14
VisualStudioVersion = 14.0.25420.1
MinimumVisualStudioVersion = 10.0.40219.1
Project("{FAE04EC0-301F-11D3-BF4B-00C04F79EFBC}") = "OmicronScanUpdateForLiantao", "OmicronScanUpdateForLiantao.csproj", "{0DD9508C-426B-4FB0-9345-1826101926E0}"
EndProject
Project("{FAE04EC0-301F-11D3-BF4B-00C04F79EFBC}") = "OmicronScanUpdateForLiantao.View", "..\OmicronScanUpdateForLiantao.View\OmicronScanUpdateForLiantao.View.csproj", "{C53BB409-5FD1-4A0E-BCC4-2A61A5FB8329}"
EndProject
Project("{FAE04EC0-301F-11D3-BF4B-00C04F79EFBC}") = "BingLibrary", "..\BingLibrary\BingLibrary.csproj", "{4AF25010-F781-4A08-886F-7B40FE1C772F}"
EndProject
Project("{FAE04EC0-301F-11D3-BF4B-00C04F79EFBC}") = "OmicronScanUpdateForLiantao.ViewModel", "..\OmicronScanUpdateForLiantao.ViewModel\OmicronScanUpdateForLiantao.ViewModel.csproj", "{FC970534-7093-4947-BDE3-88D70E08A8A8}"
EndProject
Global
	GlobalSection(SolutionConfigurationPlatforms) = preSolution
		Debug|Any CPU = Debug|Any CPU
		Debug|x64 = Debug|x64
		Debug|x86 = Debug|x86
		Release|Any CPU = Release|Any CPU
		Release|x64 = Release|x64
		Release|x86 = Release|x86
	EndGlobalSection
	GlobalSection(ProjectConfigurationPlatforms) = postSolution
		{0DD9508C-426B-4FB0-9345-1826101926E0}.Debug|Any CPU.ActiveCfg = Debug|Any CPU
		{0DD9508C-426B-4FB0-9345-1826101926E0}.Debug|Any CPU.Build.0 = Debug|Any CPU
		{0DD9508C-426B-4FB0-9345-1826101926E0}.Debug|x64.ActiveCfg = Debug|Any CPU
		{0DD9508C-426B-4FB0-9345-1826101926E0}.Debug|x64.Build.0 = Debug|Any CPU
		{0DD9508C-426B-4FB0-9345-1826101926E0}.Debug|x86.ActiveCfg = Debug|Any CPU
		{0DD9508C-426B-4FB0-9345-1826101926E0}.Debug|x86.Build.0 = Debug|Any CPU
		{0DD9508C-426B-4FB0-9345-1826101926E0}.Release|Any CPU.ActiveCfg = Release|Any CPU
		{0DD9508C-426B-4FB0-9345-1826101926E0}.Release|Any CPU.Build.0 = Release|Any CPU
		{0DD9508C-426B-4FB0-9345-1826101926E0}.Release|x64.ActiveCfg = Release|Any CPU
		{0DD9508C-426B-4FB0-9345-1826101926E0}.Release|x64.Build.0 = Release|Any CPU
		{0DD9508C-426B-4FB0-9345-1826101926E0}.Release|x86.ActiveCfg = Release|Any CPU
		{0DD9508C-426B-4FB0-9345-1826101926E0}.Release|x86.Build.0 = Release|Any CPU
		{C53BB409-5FD1-4A0E-BCC4-2A61A5FB8329}.Debug|Any CPU.ActiveCfg = Debug|Any CPU
		{C53BB409-5FD1-4A0E-BCC4-2A61A5FB8329}.Debug|Any CPU.Build.0 = Debug|Any CPU
		{C53BB409-5FD1-4A0E-BCC4-2A61A5FB8329}.Debug|x64.ActiveCfg = Debug|Any CPU
		{C53BB409-5FD1-4A0E-BCC4-2A61A5FB8329}.Debug|x64.Build.0 = Debug|Any CPU
		{C53BB409-5FD1-4A0E-BCC4-2A61A5FB8329}.Debug|x86.ActiveCfg = Debug|Any CPU
		{C53BB409-5FD1-4A0E-BCC4-2A61A5FB8329}.Debug|x86.Build.0 = Debug|Any CPU
		{C53BB409-5FD1-4A0E-BCC4-2A61A5FB8329}.Release|Any CPU.ActiveCfg = Release|Any CPU
		{C53BB409-5FD1-4A0E-BCC4-2A61A5FB8329}.Release|Any CPU.Build.0 = Release|Any CPU
		{C53BB409-5FD1-4A0E-BCC4-2A61A5FB8329}.Release|x64.ActiveCfg = Release|Any CPU
		{C53BB409-5FD1-4A0E-BCC4-2A61A5FB8329}.Release|x64.Build.0 = Release|Any CPU
		{C53BB409-5FD1-4A0E-BCC4-2A61A5FB8329}.Release|x86.ActiveCfg = Release|Any CPU
		{C53BB409-5FD1-4A0E-BCC4-2A61A5FB8329}.Release|x86.Build.0 = Release|Any CPU
		{4AF25010-F781-4A08-886F-7B40FE1C772F}.Debug|Any CPU.ActiveCfg = Debug|Any CPU
		{4AF25010-F781-4A08-886F-7B40FE1C772F}.Debug|Any CPU.Build.0 = Debug|Any CPU
		{4AF25010-F781-4A08-886F-7B40FE1C772F}.Debug|x64.ActiveCfg = Debug|x64
		{4AF25010-F781-4A08-886F-7B40FE1C772F}.Debug|x64.Build.0 = Debug|x64
		{4AF25010-F781-4A08-886F-7B40FE1C772F}.Debug|x86.ActiveCfg = Debug|x86
		{4AF25010-F781-4A08-886F-7B40FE1C772F}.Debug|x86.Build.0 = Debug|x86
		{4AF25010-F781-4A08-886F-7B40FE1C772F}.Release|Any CPU.ActiveCfg = Release|Any CPU
		{4AF25010-F781-4A08-886F-7B40FE1C772F}.Release|Any CPU.Build.0 = Release|Any CPU
		{4AF25010-F781-4A08-886F-7B40FE1C772F}.Release|x64.ActiveCfg = Release|x64
		{4AF25010-F781-4A08-886F-7B40FE1C772F}.Release|x64.Build.0 = Release|x64
		{4AF25010-F781-4A08-886F-7B40FE1C772F}.Release|x86.ActiveCfg = Release|x86
		{4AF25010-F781-4A08-886F-7B40FE1C772F}.Release|x86.Build.0 = Release|x86
		{FC970534-7093-4947-BDE3-88D70E08A8A8}.Debug|Any CPU.ActiveCfg = Debug|Any CPU
		{FC970534-7093-4947-BDE3-88D70E08A8A8}.Debug|Any CPU.Build.0 = Debug|Any CPU
		{FC970534-7093-4947-BDE3-88D70E08A8A8}.Debug|x64.ActiveCfg = Debug|Any CPU
		{FC970534-7093-4947-BDE3-88D70E08A8A8}.Debug|x64.Build.0 = Debug|Any CPU
		{FC970534-7093-4947-BDE3-88D70E08A8A8}.Debug|x86.ActiveCfg = Debug|Any CPU
		{FC970534-7093-4947-BDE3-88D70E08A8A8}.Debug|x86.Build.0 = Debug|Any CPU
		{FC970534-7093-4947-BDE3-88D70E08A8A8}.Release|Any CPU.ActiveCfg = Release|Any CPU
		{FC970534-7093-4947-BDE3-88D70E08A8A8}.Release|Any CPU.Build.0 = Release|Any CPU
		{FC970534-7093-4947-BDE3-88D70E08A8A8}.Release|x64.ActiveCfg = Release|Any CPU
		{FC970534-7093-4947-BDE3-88D70E08A8A8}.Release|x64.Build.0 = Release|Any CPU
		{FC970534-7093-4947-BDE3-88D70E08A8A8}.Release|x86.ActiveCfg = Release|Any CPU
		{FC970534-7093-4947-BDE3-88D70E08A8A8}.Release|x86.Build.0 = Release|Any CPU
	EndGlobalSection
	GlobalSection(SolutionProperties) = preSolution
		HideSolutionNode = FALSE
	EndGlobalSection
EndGlobal
